
Microsoft Visual Studio Solution File, Format Version 12.00
# Visual Studio 15
Project("{FAE04EC0-301F-11D3-BF4B-00C04F79EFBC}") = "Assembly-CSharp", "Assembly-CSharp.csproj", "{B910C35C-E548-0C67-8560-A76E7174E5FD}"
EndProject
Global
	GlobalSection(SolutionConfigurationPlatforms) = preSolution
		Debug|Any CPU = Debug|Any CPU
		Release|Any CPU = Release|Any CPU
	EndGlobalSection
	GlobalSection(ProjectConfigurationPlatforms) = postSolution
		{B910C35C-E548-0C67-8560-A76E7174E5FD}.Debug|Any CPU.ActiveCfg = Debug|Any CPU
		{B910C35C-E548-0C67-8560-A76E7174E5FD}.Debug|Any CPU.Build.0 = Debug|Any CPU
		{B910C35C-E548-0C67-8560-A76E7174E5FD}.Release|Any CPU.ActiveCfg = Release|Any CPU
		{B910C35C-E548-0C67-8560-A76E7174E5FD}.Release|Any CPU.Build.0 = Release|Any CPU
	EndGlobalSection
	GlobalSection(SolutionProperties) = preSolution
		HideSolutionNode = FALSE
	EndGlobalSection
EndGlobal
